
Microsoft Visual Studio Solution File, Format Version 12.00
# Visual Studio Version 17
VisualStudioVersion = 17.4.33110.190
MinimumVisualStudioVersion = 10.0.40219.1
Project("{FAE04EC0-301F-11D3-BF4B-00C04F79EFBC}") = "Inventory Management", "Inventory Management\Inventory Management.csproj", "{58117391-2851-4F1E-B7D4-9A77A04FC8EE}"
EndProject
Global
	GlobalSection(SolutionConfigurationPlatforms) = preSolution
		Debug|Any CPU = Debug|Any CPU
		Release|Any CPU = Release|Any CPU
	EndGlobalSection
	GlobalSection(ProjectConfigurationPlatforms) = postSolution
		{58117391-2851-4F1E-B7D4-9A77A04FC8EE}.Debug|Any CPU.ActiveCfg = Debug|Any CPU
		{58117391-2851-4F1E-B7D4-9A77A04FC8EE}.Debug|Any CPU.Build.0 = Debug|Any CPU
		{58117391-2851-4F1E-B7D4-9A77A04FC8EE}.Release|Any CPU.ActiveCfg = Release|Any CPU
		{58117391-2851-4F1E-B7D4-9A77A04FC8EE}.Release|Any CPU.Build.0 = Release|Any CPU
	EndGlobalSection
	GlobalSection(SolutionProperties) = preSolution
		HideSolutionNode = FALSE
	EndGlobalSection
	GlobalSection(ExtensibilityGlobals) = postSolution
		SolutionGuid = {6922FD84-7F39-462C-9A18-94AD5D0F3FE4}
	EndGlobalSection
EndGlobal
